PODS:
  - Flutter (1.0.0)
  - integration_test (0.0.1):
    - Flutter
  - tracelet_ios (0.1.0):
    - Flutter

DEPENDENCIES:
  - Flutter (from `Flutter`)
  - integration_test (from `.symlinks/plugins/integration_test/ios`)
  - tracelet_ios (from `.symlinks/plugins/tracelet_ios/ios`)

EXTERNAL SOURCES:
  Flutter:
    :path: Flutter
  integration_test:
    :path: ".symlinks/plugins/integration_test/ios"
  tracelet_ios:
    :path: ".symlinks/plugins/tracelet_ios/ios"

SPEC CHECKSUMS:
  Flutter: cabc95a1d2626b1b06e7179b784ebcf0c0cde467
  integration_test: 4a889634ef21a45d28d50d622cf412dc6d9f586e
  tracelet_ios: 8961a4a5f74144f5905000e604ff2a2b40501765

PODFILE CHECKSUM: e30f02f9d1c72c47bb6344a0a748c9d268180865

COCOAPODS: 1.16.2
